// !$*UTF8*$!
{
	archiveVersion = 1;
	classes = {
	};
	objectVersion = 46;
	objects = {

/* Begin PBXBuildFile section */
		8834EF001EE4DD38007D6C53 /* Group.swift in Sources */ = {isa = PBXBuildFile; fileRef = 8834EEFF1EE4DD38007D6C53 /* Group.swift */; };
		8836C2061EE37B2700A5585C /* MeetupCell.swift in Sources */ = {isa = PBXBuildFile; fileRef = 8836C2051EE37B2700A5585C /* MeetupCell.swift */; };
		8836FA151EE5B45E0038CDF9 /* MeetupCommunicatorDelegate.swift in Sources */ = {isa = PBXBuildFile; fileRef = 8836FA141EE5B45E0038CDF9 /* MeetupCommunicatorDelegate.swift */; };
		8836FA171EE5B6A40038CDF9 /* MeetupCommunicator.swift in Sources */ = {isa = PBXBuildFile; fileRef = 8836FA161EE5B6A40038CDF9 /* MeetupCommunicator.swift */; };
		884844AA1EE1EF5600FEDD66 /* AppDelegate.swift in Sources */ = {isa = PBXBuildFile; fileRef = 884844A91EE1EF5600FEDD66 /* AppDelegate.swift */; };
		884844AF1EE1EF5600FEDD66 /* Main.storyboard in Resources */ = {isa = PBXBuildFile; fileRef = 884844AD1EE1EF5600FEDD66 /* Main.storyboard */; };
		884844B11EE1EF5600FEDD66 /* Assets.xcassets in Resources */ = {isa = PBXBuildFile; fileRef = 884844B01EE1EF5600FEDD66 /* Assets.xcassets */; };
		884844B41EE1EF5600FEDD66 /* LaunchScreen.storyboard in Resources */ = {isa = PBXBuildFile; fileRef = 884844B21EE1EF5600FEDD66 /* LaunchScreen.storyboard */; };
		884844BD1EE204AB00FEDD66 /* MeetupTable.swift in Sources */ = {isa = PBXBuildFile; fileRef = 884844BC1EE204AB00FEDD66 /* MeetupTable.swift */; };
		886DC1841EE714E60039F022 /* GroupBuilder.swift in Sources */ = {isa = PBXBuildFile; fileRef = 886DC1831EE714E60039F022 /* GroupBuilder.swift */; };
		886DC1861EE738340039F022 /* MeetupManagerDelegate.swift in Sources */ = {isa = PBXBuildFile; fileRef = 886DC1851EE738340039F022 /* MeetupManagerDelegate.swift */; };
		886DC1881EE739CF0039F022 /* MeetupManager.swift in Sources */ = {isa = PBXBuildFile; fileRef = 886DC1871EE739CF0039F022 /* MeetupManager.swift */; };
		886DC18A1EE757CF0039F022 /* MeetupDelegate.swift in Sources */ = {isa = PBXBuildFile; fileRef = 886DC1891EE757CF0039F022 /* MeetupDelegate.swift */; };
/* End PBXBuildFile section */

/* Begin PBXFileReference section */
		8834EEFF1EE4DD38007D6C53 /* Group.swift */ = {isa = PBXFileReference; fileEncoding = 4; lastKnownFileType = sourcecode.swift; path = Group.swift; sourceTree = "<group>"; };
		8836C2051EE37B2700A5585C /* MeetupCell.swift */ = {isa = PBXFileReference; fileEncoding = 4; lastKnownFileType = sourcecode.swift; path = MeetupCell.swift; sourceTree = "<group>"; };
		8836FA141EE5B45E0038CDF9 /* MeetupCommunicatorDelegate.swift */ = {isa = PBXFileReference; fileEncoding = 4; lastKnownFileType = sourcecode.swift; path = MeetupCommunicatorDelegate.swift; sourceTree = "<group>"; };
		8836FA161EE5B6A40038CDF9 /* MeetupCommunicator.swift */ = {isa = PBXFileReference; fileEncoding = 4; lastKnownFileType = sourcecode.swift; path = MeetupCommunicator.swift; sourceTree = "<group>"; };
		884844A61EE1EF5600FEDD66 /* BrowseMeetup.app */ = {isa = PBXFileReference; explicitFileType = wrapper.application; includeInIndex = 0; path = BrowseMeetup.app; sourceTree = BUILT_PRODUCTS_DIR; };
		884844A91EE1EF5600FEDD66 /* AppDelegate.swift */ = {isa = PBXFileReference; lastKnownFileType = sourcecode.swift; path = AppDelegate.swift; sourceTree = "<group>"; };
		884844AE1EE1EF5600FEDD66 /* Base */ = {isa = PBXFileReference; lastKnownFileType = file.storyboard; name = Base; path = Base.lproj/Main.storyboard; sourceTree = "<group>"; };
		884844B01EE1EF5600FEDD66 /* Assets.xcassets */ = {isa = PBXFileReference; lastKnownFileType = folder.assetcatalog; path = Assets.xcassets; sourceTree = "<group>"; };
		884844B31EE1EF5600FEDD66 /* Base */ = {isa = PBXFileReference; lastKnownFileType = file.storyboard; name = Base; path = Base.lproj/LaunchScreen.storyboard; sourceTree = "<group>"; };
		884844B51EE1EF5600FEDD66 /* Info.plist */ = {isa = PBXFileReference; lastKnownFileType = text.plist.xml; path = Info.plist; sourceTree = "<group>"; };
		884844BC1EE204AB00FEDD66 /* MeetupTable.swift */ = {isa = PBXFileReference; fileEncoding = 4; lastKnownFileType = sourcecode.swift; path = MeetupTable.swift; sourceTree = "<group>"; };
		886DC1831EE714E60039F022 /* GroupBuilder.swift */ = {isa = PBXFileReference; fileEncoding = 4; lastKnownFileType = sourcecode.swift; path = GroupBuilder.swift; sourceTree = "<group>"; };
		886DC1851EE738340039F022 /* MeetupManagerDelegate.swift */ = {isa = PBXFileReference; fileEncoding = 4; lastKnownFileType = sourcecode.swift; path = MeetupManagerDelegate.swift; sourceTree = "<group>"; };
		886DC1871EE739CF0039F022 /* MeetupManager.swift */ = {isa = PBXFileReference; fileEncoding = 4; lastKnownFileType = sourcecode.swift; path = MeetupManager.swift; sourceTree = "<group>"; };
		886DC1891EE757CF0039F022 /* MeetupDelegate.swift */ = {isa = PBXFileReference; fileEncoding = 4; lastKnownFileType = sourcecode.swift; path = MeetupDelegate.swift; sourceTree = "<group>"; };
/* End PBXFileReference section */

/* Begin PBXFrameworksBuildPhase section */
		884844A31EE1EF5600FEDD66 /* Frameworks */ = {
			isa = PBXFrameworksBuildPhase;
			buildActionMask = 2147483647;
			files = (
			);
			runOnlyForDeploymentPostprocessing = 0;
		};
/* End PBXFrameworksBuildPhase section */

/* Begin PBXGroup section */
		8834EEFE1EE4DD02007D6C53 /* Model */ = {
			isa = PBXGroup;
			children = (
				8834EEFF1EE4DD38007D6C53 /* Group.swift */,
			);
			name = Model;
			sourceTree = "<group>";
		};
		8836FA131EE5B3930038CDF9 /* Protocols */ = {
			isa = PBXGroup;
			children = (
				886DC1891EE757CF0039F022 /* MeetupDelegate.swift */,
				8836FA141EE5B45E0038CDF9 /* MeetupCommunicatorDelegate.swift */,
				886DC1851EE738340039F022 /* MeetupManagerDelegate.swift */,
			);
			name = Protocols;
			sourceTree = "<group>";
		};
		8848449D1EE1EF5600FEDD66 = {
			isa = PBXGroup;
			children = (
				884844A81EE1EF5600FEDD66 /* BrowseMeetup */,
				884844A71EE1EF5600FEDD66 /* Products */,
			);
			sourceTree = "<group>";
		};
		884844A71EE1EF5600FEDD66 /* Products */ = {
			isa = PBXGroup;
			children = (
				884844A61EE1EF5600FEDD66 /* BrowseMeetup.app */,
			);
			name = Products;
			sourceTree = "<group>";
		};
		884844A81EE1EF5600FEDD66 /* BrowseMeetup */ = {
			isa = PBXGroup;
			children = (
				884844A91EE1EF5600FEDD66 /* AppDelegate.swift */,
				8836FA131EE5B3930038CDF9 /* Protocols */,
				8834EEFE1EE4DD02007D6C53 /* Model */,
				884844BE1EE204BB00FEDD66 /* Classes */,
				884844BB1EE1EF6F00FEDD66 /* Assets */,
				884844B51EE1EF5600FEDD66 /* Info.plist */,
			);
			path = BrowseMeetup;
			sourceTree = "<group>";
		};
		884844BB1EE1EF6F00FEDD66 /* Assets */ = {
			isa = PBXGroup;
			children = (
				884844AD1EE1EF5600FEDD66 /* Main.storyboard */,
				884844B01EE1EF5600FEDD66 /* Assets.xcassets */,
				884844B21EE1EF5600FEDD66 /* LaunchScreen.storyboard */,
			);
			name = Assets;
			sourceTree = "<group>";
		};
		884844BE1EE204BB00FEDD66 /* Classes */ = {
			isa = PBXGroup;
			children = (
				884844BC1EE204AB00FEDD66 /* MeetupTable.swift */,
				8836C2051EE37B2700A5585C /* MeetupCell.swift */,
				8836FA161EE5B6A40038CDF9 /* MeetupCommunicator.swift */,
				886DC1831EE714E60039F022 /* GroupBuilder.swift */,
				886DC1871EE739CF0039F022 /* MeetupManager.swift */,
			);
			name = Classes;
			sourceTree = "<group>";
		};
/* End PBXGroup section */

/* Begin PBXNativeTarget section */
		884844A51EE1EF5600FEDD66 /* BrowseMeetup */ = {
			isa = PBXNativeTarget;
			buildConfigurationList = 884844B81EE1EF5600FEDD66 /* Build configuration list for PBXNativeTarget "BrowseMeetup" */;
			buildPhases = (
				884844A21EE1EF5600FEDD66 /* Sources */,
				884844A31EE1EF5600FEDD66 /* Frameworks */,
				884844A41EE1EF5600FEDD66 /* Resources */,
			);
			buildRules = (
			);
			dependencies = (
			);
			name = BrowseMeetup;
			productName = BrowseMeetup;
			productReference = 884844A61EE1EF5600FEDD66 /* BrowseMeetup.app */;
			productType = "com.apple.product-type.application";
		};
/* End PBXNativeTarget section */

/* Begin PBXProject section */
		8848449E1EE1EF5600FEDD66 /* Project object */ = {
			isa = PBXProject;
			attributes = {
				LastSwiftUpdateCheck = 0830;
				LastUpgradeCheck = 0830;
				ORGANIZATIONNAME = "Emanuel Del Castillo";
				TargetAttributes = {
					884844A51EE1EF5600FEDD66 = {
						CreatedOnToolsVersion = 8.3.1;
						ProvisioningStyle = Automatic;
					};
				};
			};
			buildConfigurationList = 884844A11EE1EF5600FEDD66 /* Build configuration list for PBXProject "BrowseMeetup" */;
			compatibilityVersion = "Xcode 3.2";
			developmentRegion = English;
			hasScannedForEncodings = 0;
			knownRegions = (
				en,
				Base,
			);
			mainGroup = 8848449D1EE1EF5600FEDD66;
			productRefGroup = 884844A71EE1EF5600FEDD66 /* Products */;
			projectDirPath = "";
			projectRoot = "";
			targets = (
				884844A51EE1EF5600FEDD66 /* BrowseMeetup */,
			);
		};
/* End PBXProject section */

/* Begin PBXResourcesBuildPhase section */
		884844A41EE1EF5600FEDD66 /* Resources */ = {
			isa = PBXResourcesBuildPhase;
			buildActionMask = 2147483647;
			files = (
				884844B41EE1EF5600FEDD66 /* LaunchScreen.storyboard in Resources */,
				884844B11EE1EF5600FEDD66 /* Assets.xcassets in Resources */,
				884844AF1EE1EF5600FEDD66 /* Main.storyboard in Resources */,
			);
			runOnlyForDeploymentPostprocessing = 0;
		};
/* End PBXResourcesBuildPhase section */

/* Begin PBXSourcesBuildPhase section */
		884844A21EE1EF5600FEDD66 /* Sources */ = {
			isa = PBXSourcesBuildPhase;
			buildActionMask = 2147483647;
			files = (
				8836FA171EE5B6A40038CDF9 /* MeetupCommunicator.swift in Sources */,
				884844BD1EE204AB00FEDD66 /* MeetupTable.swift in Sources */,
				886DC18A1EE757CF0039F022 /* MeetupDelegate.swift in Sources */,
				886DC1841EE714E60039F022 /* GroupBuilder.swift in Sources */,
				8836C2061EE37B2700A5585C /* MeetupCell.swift in Sources */,
				886DC1861EE738340039F022 /* MeetupManagerDelegate.swift in Sources */,
				884844AA1EE1EF5600FEDD66 /* AppDelegate.swift in Sources */,
				8834EF001EE4DD38007D6C53 /* Group.swift in Sources */,
				886DC1881EE739CF0039F022 /* MeetupManager.swift in Sources */,
				8836FA151EE5B45E0038CDF9 /* MeetupCommunicatorDelegate.swift in Sources */,
			);
			runOnlyForDeploymentPostprocessing = 0;
		};
/* End PBXSourcesBuildPhase section */

/* Begin PBXVariantGroup section */
		884844AD1EE1EF5600FEDD66 /* Main.storyboard */ = {
			isa = PBXVariantGroup;
			children = (
				884844AE1EE1EF5600FEDD66 /* Base */,
			);
			name = Main.storyboard;
			sourceTree = "<group>";
		};
		884844B21EE1EF5600FEDD66 /* LaunchScreen.storyboard */ = {
			isa = PBXVariantGroup;
			children = (
				884844B31EE1EF5600FEDD66 /* Base */,
			);
			name = LaunchScreen.storyboard;
			sourceTree = "<group>";
		};
/* End PBXVariantGroup section */

/* Begin XCBuildConfiguration section */
		884844B61EE1EF5600FEDD66 /* Debug */ = {
			isa = XCBuildConfiguration;
			buildSettings = {
				ALWAYS_SEARCH_USER_PATHS = NO;
				CLANG_ANALYZER_NONNULL = YES;
				CLANG_ANALYZER_NUMBER_OBJECT_CONVERSION = YES_AGGRESSIVE;
				CLANG_CXX_LANGUAGE_STANDARD = "gnu++0x";
				CLANG_CXX_LIBRARY = "libc++";
				CLANG_ENABLE_MODULES = YES;
				CLANG_ENABLE_OBJC_ARC = YES;
				CLANG_WARN_BOOL_CONVERSION = YES;
				CLANG_WARN_CONSTANT_CONVERSION = YES;
				CLANG_WARN_DIRECT_OBJC_ISA_USAGE = YES_ERROR;
				CLANG_WARN_DOCUMENTATION_COMMENTS = YES;
				CLANG_WARN_EMPTY_BODY = YES;
				CLANG_WARN_ENUM_CONVERSION = YES;
				CLANG_WARN_INFINITE_RECURSION = YES;
				CLANG_WARN_INT_CONVERSION = YES;
				CLANG_WARN_OBJC_ROOT_CLASS = YES_ERROR;
				CLANG_WARN_SUSPICIOUS_MOVE = YES;
				CLANG_WARN_UNREACHABLE_CODE = YES;
				CLANG_WARN__DUPLICATE_METHOD_MATCH = YES;
				"CODE_SIGN_IDENTITY[sdk=iphoneos*]" = "iPhone Developer";
				COPY_PHASE_STRIP = NO;
				DEBUG_INFORMATION_FORMAT = dwarf;
				ENABLE_STRICT_OBJC_MSGSEND = YES;
				ENABLE_TESTABILITY = YES;
				GCC_C_LANGUAGE_STANDARD = gnu99;
				GCC_DYNAMIC_NO_PIC = NO;
				GCC_NO_COMMON_BLOCKS = YES;
				GCC_OPTIMIZATION_LEVEL = 0;
				GCC_PREPROCESSOR_DEFINITIONS = (
					"DEBUG=1",
					"$(inherited)",
				);
				GCC_WARN_64_TO_32_BIT_CONVERSION = YES;
				GCC_WARN_ABOUT_RETURN_TYPE = YES_ERROR;
				GCC_WARN_UNDECLARED_SELECTOR = YES;
				GCC_WARN_UNINITIALIZED_AUTOS = YES_AGGRESSIVE;
				GCC_WARN_UNUSED_FUNCTION = YES;
				GCC_WARN_UNUSED_VARIABLE = YES;
				IPHONEOS_DEPLOYMENT_TARGET = 10.3;
				MTL_ENABLE_DEBUG_INFO = YES;
				ONLY_ACTIVE_ARCH = YES;
				SDKROOT = iphoneos;
				SWIFT_ACTIVE_COMPILATION_CONDITIONS = DEBUG;
				SWIFT_OPTIMIZATION_LEVEL = "-Onone";
				TARGETED_DEVICE_FAMILY = "1,2";
			};
			name = Debug;
		};
		884844B71EE1EF5600FEDD66 /* Release */ = {
			isa = XCBuildConfiguration;
			buildSettings = {
				ALWAYS_SEARCH_USER_PATHS = NO;
				CLANG_ANALYZER_NONNULL = YES;
				CLANG_ANALYZER_NUMBER_OBJECT_CONVERSION = YES_AGGRESSIVE;
				CLANG_CXX_LANGUAGE_STANDARD = "gnu++0x";
				CLANG_CXX_LIBRARY = "libc++";
				CLANG_ENABLE_MODULES = YES;
				CLANG_ENABLE_OBJC_ARC = YES;
				CLANG_WARN_BOOL_CONVERSION = YES;
				CLANG_WARN_CONSTANT_CONVERSION = YES;
				CLANG_WARN_DIRECT_OBJC_ISA_USAGE = YES_ERROR;
				CLANG_WARN_DOCUMENTATION_COMMENTS = YES;
				CLANG_WARN_EMPTY_BODY = YES;
				CLANG_WARN_ENUM_CONVERSION = YES;
				CLANG_WARN_INFINITE_RECURSION = YES;
				CLANG_WARN_INT_CONVERSION = YES;
				CLANG_WARN_OBJC_ROOT_CLASS = YES_ERROR;
				CLANG_WARN_SUSPICIOUS_MOVE = YES;
				CLANG_WARN_UNREACHABLE_CODE = YES;
				CLANG_WARN__DUPLICATE_METHOD_MATCH = YES;
				"CODE_SIGN_IDENTITY[sdk=iphoneos*]" = "iPhone Developer";
				COPY_PHASE_STRIP = NO;
				DEBUG_INFORMATION_FORMAT = "dwarf-with-dsym";
				ENABLE_NS_ASSERTIONS = NO;
				ENABLE_STRICT_OBJC_MSGSEND = YES;
				GCC_C_LANGUAGE_STANDARD = gnu99;
				GCC_NO_COMMON_BLOCKS = YES;
				GCC_WARN_64_TO_32_BIT_CONVERSION = YES;
				GCC_WARN_ABOUT_RETURN_TYPE = YES_ERROR;
				GCC_WARN_UNDECLARED_SELECTOR = YES;
				GCC_WARN_UNINITIALIZED_AUTOS = YES_AGGRESSIVE;
				GCC_WARN_UNUSED_FUNCTION = YES;
				GCC_WARN_UNUSED_VARIABLE = YES;
				IPHONEOS_DEPLOYMENT_TARGET = 10.3;
				MTL_ENABLE_DEBUG_INFO = NO;
				SDKROOT = iphoneos;
				SWIFT_OPTIMIZATION_LEVEL = "-Owholemodule";
				TARGETED_DEVICE_FAMILY = "1,2";
				VALIDATE_PRODUCT = YES;
			};
			name = Release;
		};
		884844B91EE1EF5600FEDD66 /* Debug */ = {
			isa = XCBuildConfiguration;
			buildSettings = {
				ASSETCATALOG_COMPILER_APPICON_NAME = AppIcon;
				INFOPLIST_FILE = BrowseMeetup/Info.plist;
				LD_RUNPATH_SEARCH_PATHS = "$(inherited) @executable_path/Frameworks";
				PRODUCT_BUNDLE_IDENTIFIER = com.iosdev.networking.BrowseMeetup;
				PRODUCT_NAME = "$(TARGET_NAME)";
				SWIFT_VERSION = 3.0;
			};
			name = Debug;
		};
		884844BA1EE1EF5600FEDD66 /* Release */ = {
			isa = XCBuildConfiguration;
			buildSettings = {
				ASSETCATALOG_COMPILER_APPICON_NAME = AppIcon;
				INFOPLIST_FILE = BrowseMeetup/Info.plist;
				LD_RUNPATH_SEARCH_PATHS = "$(inherited) @executable_path/Frameworks";
				PRODUCT_BUNDLE_IDENTIFIER = com.iosdev.networking.BrowseMeetup;
				PRODUCT_NAME = "$(TARGET_NAME)";
				SWIFT_VERSION = 3.0;
			};
			name = Release;
		};
/* End XCBuildConfiguration section */

/* Begin XCConfigurationList section */
		884844A11EE1EF5600FEDD66 /* Build configuration list for PBXProject "BrowseMeetup" */ = {
			isa = XCConfigurationList;
			buildConfigurations = (
				884844B61EE1EF5600FEDD66 /* Debug */,
				884844B71EE1EF5600FEDD66 /* Release */,
			);
			defaultConfigurationIsVisible = 0;
			defaultConfigurationName = Release;
		};
		884844B81EE1EF5600FEDD66 /* Build configuration list for PBXNativeTarget "BrowseMeetup" */ = {
			isa = XCConfigurationList;
			buildConfigurations = (
				884844B91EE1EF5600FEDD66 /* Debug */,
				884844BA1EE1EF5600FEDD66 /* Release */,
			);
			defaultConfigurationIsVisible = 0;
			defaultConfigurationName = Release;
		};
/* End XCConfigurationList section */
	};
	rootObject = 8848449E1EE1EF5600FEDD66 /* Project object */;
}
